
Microsoft Visual Studio Solution File, Format Version 12.00
# Visual Studio 2012
Project("{FAE04EC0-301F-11D3-BF4B-00C04F79EFBC}") = "ERPWPF", "ERPWPF\ERPWPF.csproj", "{68246BDA-1A5D-4EAA-B4F6-27D023550329}"
	ProjectSection(ProjectDependencies) = postProject
		{4AC24D15-AF75-48AD-B449-0D75C079E082} = {4AC24D15-AF75-48AD-B449-0D75C079E082}
		{D7A4387C-6846-4C1D-B0FD-1075E1AF239C} = {D7A4387C-6846-4C1D-B0FD-1075E1AF239C}
		{5FFD4BCD-6C34-4AA6-A423-26CCFCE7BFAF} = {5FFD4BCD-6C34-4AA6-A423-26CCFCE7BFAF}
	EndProjectSection
EndProject
Project("{FAE04EC0-301F-11D3-BF4B-00C04F79EFBC}") = "BLL", "BLL\BLL.csproj", "{D7A4387C-6846-4C1D-B0FD-1075E1AF239C}"
	ProjectSection(ProjectDependencies) = postProject
		{4AC24D15-AF75-48AD-B449-0D75C079E082} = {4AC24D15-AF75-48AD-B449-0D75C079E082}
		{5FFD4BCD-6C34-4AA6-A423-26CCFCE7BFAF} = {5FFD4BCD-6C34-4AA6-A423-26CCFCE7BFAF}
	EndProjectSection
EndProject
Project("{FAE04EC0-301F-11D3-BF4B-00C04F79EFBC}") = "DAL", "DAL\DAL.csproj", "{4AC24D15-AF75-48AD-B449-0D75C079E082}"
	ProjectSection(ProjectDependencies) = postProject
		{5FFD4BCD-6C34-4AA6-A423-26CCFCE7BFAF} = {5FFD4BCD-6C34-4AA6-A423-26CCFCE7BFAF}
	EndProjectSection
EndProject
Project("{FAE04EC0-301F-11D3-BF4B-00C04F79EFBC}") = "Model", "Model\Model.csproj", "{5FFD4BCD-6C34-4AA6-A423-26CCFCE7BFAF}"
EndProject
Project("{FAE04EC0-301F-11D3-BF4B-00C04F79EFBC}") = "DBUtility", "DBUtility\DBUtility.csproj", "{1C6797CE-EE99-4636-8A6A-53278C4BAFCD}"
EndProject
Project("{FAE04EC0-301F-11D3-BF4B-00C04F79EFBC}") = "Common", "Common\Common.csproj", "{32ECC625-1525-46C4-A29F-2F2C804EDE20}"
EndProject
Global
	GlobalSection(SolutionConfigurationPlatforms) = preSolution
		Debug|Any CPU = Debug|Any CPU
		Release|Any CPU = Release|Any CPU
	EndGlobalSection
	GlobalSection(ProjectConfigurationPlatforms) = postSolution
		{68246BDA-1A5D-4EAA-B4F6-27D023550329}.Debug|Any CPU.ActiveCfg = Debug|Any CPU
		{68246BDA-1A5D-4EAA-B4F6-27D023550329}.Debug|Any CPU.Build.0 = Debug|Any CPU
		{68246BDA-1A5D-4EAA-B4F6-27D023550329}.Release|Any CPU.ActiveCfg = Release|Any CPU
		{68246BDA-1A5D-4EAA-B4F6-27D023550329}.Release|Any CPU.Build.0 = Release|Any CPU
		{D7A4387C-6846-4C1D-B0FD-1075E1AF239C}.Debug|Any CPU.ActiveCfg = Debug|Any CPU
		{D7A4387C-6846-4C1D-B0FD-1075E1AF239C}.Debug|Any CPU.Build.0 = Debug|Any CPU
		{D7A4387C-6846-4C1D-B0FD-1075E1AF239C}.Release|Any CPU.ActiveCfg = Release|Any CPU
		{D7A4387C-6846-4C1D-B0FD-1075E1AF239C}.Release|Any CPU.Build.0 = Release|Any CPU
		{4AC24D15-AF75-48AD-B449-0D75C079E082}.Debug|Any CPU.ActiveCfg = Debug|Any CPU
		{4AC24D15-AF75-48AD-B449-0D75C079E082}.Debug|Any CPU.Build.0 = Debug|Any CPU
		{4AC24D15-AF75-48AD-B449-0D75C079E082}.Release|Any CPU.ActiveCfg = Release|Any CPU
		{4AC24D15-AF75-48AD-B449-0D75C079E082}.Release|Any CPU.Build.0 = Release|Any CPU
		{5FFD4BCD-6C34-4AA6-A423-26CCFCE7BFAF}.Debug|Any CPU.ActiveCfg = Debug|Any CPU
		{5FFD4BCD-6C34-4AA6-A423-26CCFCE7BFAF}.Debug|Any CPU.Build.0 = Debug|Any CPU
		{5FFD4BCD-6C34-4AA6-A423-26CCFCE7BFAF}.Release|Any CPU.ActiveCfg = Release|Any CPU
		{5FFD4BCD-6C34-4AA6-A423-26CCFCE7BFAF}.Release|Any CPU.Build.0 = Release|Any CPU
		{1C6797CE-EE99-4636-8A6A-53278C4BAFCD}.Debug|Any CPU.ActiveCfg = Debug|Any CPU
		{1C6797CE-EE99-4636-8A6A-53278C4BAFCD}.Debug|Any CPU.Build.0 = Debug|Any CPU
		{1C6797CE-EE99-4636-8A6A-53278C4BAFCD}.Release|Any CPU.ActiveCfg = Release|Any CPU
		{1C6797CE-EE99-4636-8A6A-53278C4BAFCD}.Release|Any CPU.Build.0 = Release|Any CPU
		{32ECC625-1525-46C4-A29F-2F2C804EDE20}.Debug|Any CPU.ActiveCfg = Debug|Any CPU
		{32ECC625-1525-46C4-A29F-2F2C804EDE20}.Debug|Any CPU.Build.0 = Debug|Any CPU
		{32ECC625-1525-46C4-A29F-2F2C804EDE20}.Release|Any CPU.ActiveCfg = Release|Any CPU
		{32ECC625-1525-46C4-A29F-2F2C804EDE20}.Release|Any CPU.Build.0 = Release|Any CPU
	EndGlobalSection
	GlobalSection(SolutionProperties) = preSolution
		HideSolutionNode = FALSE
	EndGlobalSection
EndGlobal
